#MicroXplorer Configuration settings - do not modify
Mcu.Family=STM32F4
ProjectManager.MainLocation=Src
PH0-OSC_IN.Locked=true
FREERTOS.Queues01=uartTxQueue,10,uint8_t *,0,Dynamic,NULL,NULL
PH0-OSC_IN.Signal=RCC_OSC_IN
USART2.IPParameters=VirtualMode
RCC.CortexFreq_Value=84000000
Dma.USART2_TX.0.PeriphDataAlignment=DMA_PDATAALIGN_BYTE
ProjectManager.KeepUserCode=true
Mcu.UserName=STM32F446RETx
VP_ADC1_TempSens_Input.Mode=IN-TempSens
ADC1.ContinuousConvMode=ENABLE
RCC.PLLCLKFreq_Value=84000000
PA14.GPIO_Label=TCK
RCC.PLLQCLKFreq_Value=168000000
ProjectManager.functionlistsort=1-MX_GPIO_Init-GPIO-false-HAL-true,2-MX_DMA_Init-DMA-false-HAL-true,3-MX_USART2_UART_Init-USART2-false-HAL-true,4-MX_ADC1_Init-ADC1-false-HAL-true,5-MX_TIM4_Init-TIM4-false-HAL-true,6-SystemClock_Config-RCC-false-HAL-false
PC6.GPIO_Label=Event_1
RCC.RTCFreq_Value=32000
PA3.GPIOParameters=GPIO_Label
RCC.PLLI2SRCLKFreq_Value=96000000
PC13.GPIO_Label=B1 [Blue PushButton]
PC1.Locked=true
RCC.SAIAFreq_Value=96000000
PA2.GPIOParameters=GPIO_Label
PinOutPanel.RotationAngle=0
Dma.USART2_TX.0.FIFOMode=DMA_FIFOMODE_DISABLE
Dma.USART2_RX.1.MemDataAlignment=DMA_MDATAALIGN_BYTE
RCC.SYSCLKSource=RCC_SYSCLKSOURCE_PLLCLK
ProjectManager.StackSize=0x400
SH.GPXTI13.0=GPIO_EXTI13
Dma.USART2_TX.0.RequestParameters=Instance,Direction,PeriphInc,MemInc,PeriphDataAlignment,MemDataAlignment,Mode,Priority,FIFOMode
Mcu.IP4=RCC
RCC.FCLKCortexFreq_Value=84000000
Mcu.IP5=SYS
Mcu.IP2=FREERTOS
NVIC.SVCall_IRQn=true\:0\:0\:false\:false\:false\:false\:false\:false
NVIC.ADC_IRQn=true\:6\:0\:true\:false\:true\:true\:true\:true
Mcu.IP3=NVIC
Mcu.IP0=ADC1
Mcu.IP1=DMA
Dma.USART2_TX.0.Priority=DMA_PRIORITY_LOW
FREERTOS.INCLUDE_pcTaskGetTaskName=1
Mcu.UserConstants=
PC1.GPIOParameters=GPIO_Label,GPIO_ModeDefaultOutputPP
SH.GPXTI13.ConfNb=1
Mcu.ThirdPartyNb=0
FREERTOS.configUSE_STATS_FORMATTING_FUNCTIONS=1
RCC.SDIOFreq_Value=168000000
RCC.HCLKFreq_Value=84000000
Mcu.IPNb=8
ADC1.Resolution=ADC_RESOLUTION_12B
RCC.I2SClocksFreq_Value=96000000
ProjectManager.PreviousToolchain=SW4STM32
RCC.APB2TimFreq_Value=84000000
PB6.Signal=S_TIM4_CH1
RCC.SPDIFRXFreq_Value=168000000
RCC.VcooutputI2S=96000000
Dma.USART2_RX.1.PeriphInc=DMA_PINC_DISABLE
Mcu.Pin6=PA2
Mcu.Pin7=PA3
Mcu.Pin8=PA5
Mcu.Pin9=PC6
RCC.VCOSAIOutputFreq_Value=192000000
Dma.USART2_RX.1.MemInc=DMA_MINC_ENABLE
FREERTOS.IPParameters=Tasks01,Queues01,INCLUDE_uxTaskGetStackHighWaterMark,INCLUDE_xTaskGetCurrentTaskHandle,INCLUDE_vTaskDelayUntil,INCLUDE_eTaskGetState,configGENERATE_RUN_TIME_STATS,configUSE_TRACE_FACILITY,configUSE_STATS_FORMATTING_FUNCTIONS,INCLUDE_pcTaskGetTaskName,FootprintOK,INCLUDE_xTaskGetHandle,INCLUDE_xTaskAbortDelay
RCC.AHBFreq_Value=84000000
PH0-OSC_IN.Mode=HSE-External-Oscillator
Mcu.Pin0=PC13
Mcu.Pin1=PC14-OSC32_IN
GPIO.groupedBy=Group By Peripherals
Mcu.Pin2=PC15-OSC32_OUT
Mcu.Pin3=PH0-OSC_IN
Mcu.Pin4=PH1-OSC_OUT
NVIC.EXTI15_10_IRQn=true\:5\:0\:false\:false\:true\:true\:true\:true
Mcu.Pin5=PC1
ADC1.Channel-0\#ChannelRegularConversion=ADC_CHANNEL_TEMPSENSOR
ProjectManager.ProjectBuild=false
Dma.USART2_RX.1.RequestParameters=Instance,Direction,PeriphInc,MemInc,PeriphDataAlignment,MemDataAlignment,Mode,Priority,FIFOMode
RCC.HSE_VALUE=8000000
NVIC.UsageFault_IRQn=true\:0\:0\:false\:false\:true\:false\:false\:false
NVIC.DebugMonitor_IRQn=true\:0\:0\:false\:false\:true\:false\:false\:false
NVIC.SysTick_IRQn=true\:15\:0\:true\:false\:false\:true\:true\:true
ProjectManager.FirmwarePackage=STM32Cube FW_F4 V1.25.0
MxDb.Version=DB.5.0.60
Dma.ADC1.2.MemDataAlignment=DMA_MDATAALIGN_HALFWORD
ProjectManager.BackupPrevious=true
PC14-OSC32_IN.Mode=LSE-External-Oscillator
RCC.VCOInputFreq_Value=1000000
PA14.Mode=Serial_Wire
File.Version=6
PH1-OSC_OUT.Locked=true
Dma.ADC1.2.Direction=DMA_PERIPH_TO_MEMORY
PB3.GPIOParameters=GPIO_Label
RCC.PLLRCLKFreq_Value=168000000
TIM4.Channel-Output\ Compare1\ CH1=TIM_CHANNEL_1
Dma.USART2_TX.0.MemDataAlignment=DMA_MDATAALIGN_BYTE
NVIC.PendSV_IRQn=true\:15\:0\:false\:false\:false\:true\:true\:false
TIM4.Period=65535
VP_FREERTOS_VS_CMSIS_V1.Mode=CMSIS_V1
Dma.USART2_TX.0.Direction=DMA_MEMORY_TO_PERIPH
Dma.RequestsNb=3
Dma.USART2_TX.0.Instance=DMA1_Stream6
ProjectManager.HalAssertFull=false
ADC1.SamplingTime-0\#ChannelRegularConversion=ADC_SAMPLETIME_3CYCLES
ProjectManager.ProjectName=lab_2
RCC.FLatency-AdvancedSettings=FLASH_LATENCY_2
PA13.GPIOParameters=GPIO_Label
PH1-OSC_OUT.Mode=HSE-External-Oscillator
RCC.MCO2PinFreq_Value=84000000
PC8.GPIOParameters=GPIO_Label
Mcu.Package=LQFP64
PA5.Locked=true
FREERTOS.INCLUDE_xTaskAbortDelay=1
NVIC.TimeBase=TIM7_IRQn
USART2.VirtualMode=VM_ASYNC
PA14.Locked=true
ProjectManager.ToolChainLocation=
PA2.GPIO_Label=USART_TX
RCC.LSI_VALUE=32000
NVIC.TimeBaseIP=TIM7
FREERTOS.FootprintOK=true
PA5.GPIOParameters=GPIO_Label
Dma.USART2_TX.0.Mode=DMA_NORMAL
SH.S_TIM4_CH1.0=TIM4_CH1,Output Compare1 CH1
Dma.Request2=ADC1
RCC.CECFreq_Value=32786.88524590164
Dma.Request1=USART2_RX
RCC.APB1TimFreq_Value=84000000
FREERTOS.configGENERATE_RUN_TIME_STATS=1
NVIC.BusFault_IRQn=true\:0\:0\:false\:false\:true\:false\:false\:false
Dma.USART2_RX.1.Mode=DMA_CIRCULAR
RCC.SAIBFreq_Value=96000000
NVIC.DMA1_Stream6_IRQn=true\:5\:0\:false\:false\:true\:true\:true\:true
Dma.Request0=USART2_TX
NVIC.TIM7_IRQn=true\:0\:0\:false\:false\:true\:false\:false\:true
ProjectManager.CustomerFirmwarePackage=
PC14-OSC32_IN.Locked=true
RCC.PLLSAIQCLKFreq_Value=96000000
PB3.Locked=true
Dma.ADC1.2.Mode=DMA_NORMAL
PA3.Signal=USART2_RX
PA2.Locked=true
PB3.GPIO_Label=SWO
PC15-OSC32_OUT.Mode=LSE-External-Oscillator
SH.S_TIM4_CH1.ConfNb=1
ProjectManager.ProjectFileName=lab_2.ioc
Dma.USART2_RX.1.Priority=DMA_PRIORITY_LOW
TIM4.AutoReloadPreload=TIM_AUTORELOAD_PRELOAD_ENABLE
FREERTOS.Tasks01=defaultTask,0,128,StartDefaultTask,Default,NULL,Dynamic,NULL,NULL;uartTxTask,0,128,StartUartTxTask,Default,NULL,Dynamic,NULL,NULL;statsTask,-3,260,StartStatsTask,Default,NULL,Dynamic,NULL,NULL;ADCTask,0,128,StartADCTask,Default,NULL,Dynamic,NULL,NULL
ADC1.Rank-0\#ChannelRegularConversion=1
Dma.USART2_RX.1.FIFOMode=DMA_FIFOMODE_DISABLE
Dma.USART2_TX.0.MemInc=DMA_MINC_ENABLE
TIM4.CounterMode=TIM_COUNTERMODE_UP
Mcu.PinsNb=19
ProjectManager.NoMain=false
ADC1.IPParameters=Rank-0\#ChannelRegularConversion,Channel-0\#ChannelRegularConversion,SamplingTime-0\#ChannelRegularConversion,NbrOfConversionFlag,master,ClockPrescaler,Resolution,ContinuousConvMode
FREERTOS.INCLUDE_xTaskGetCurrentTaskHandle=1
PC13.Locked=true
NVIC.SavedSvcallIrqHandlerGenerated=true
PC13.Signal=GPXTI13
VP_SYS_VS_tim7.Mode=TIM7
Dma.ADC1.2.PeriphDataAlignment=DMA_PDATAALIGN_HALFWORD
RCC.FMPI2C1Freq_Value=42000000
FREERTOS.INCLUDE_vTaskDelayUntil=1
RCC.VCOI2SInputFreq_Value=1000000
PC8.Signal=GPIO_Output
PC6.Signal=GPIO_Output
ProjectManager.DefaultFWLocation=true
ProjectManager.DeletePrevious=true
RCC.APB1CLKDivider=RCC_HCLK_DIV2
PC14-OSC32_IN.Signal=RCC_OSC32_IN
boardIOC=true
NVIC.USART2_IRQn=true\:5\:0\:false\:false\:true\:true\:true\:true
RCC.FamilyName=M
FREERTOS.INCLUDE_uxTaskGetStackHighWaterMark=1
PC8.GPIO_Label=Event_2
PA13.Signal=SYS_JTMS-SWDIO
PA3.Mode=Asynchronous
VP_FREERTOS_VS_CMSIS_V1.Signal=FREERTOS_VS_CMSIS_V1
Dma.ADC1.2.MemInc=DMA_MINC_ENABLE
PC15-OSC32_OUT.Locked=true
VP_TIM4_VS_ClockSourceINT.Signal=TIM4_VS_ClockSourceINT
ProjectManager.TargetToolchain=STM32CubeIDE
TIM4.IPParameters=Prescaler,Channel-Output Compare1 CH1,OCMode_1,Pulse-Output Compare1 CH1,CounterMode,ClockDivision,Period,AutoReloadPreload
NVIC.DMA1_Stream5_IRQn=true\:5\:0\:false\:false\:true\:true\:true\:true
FREERTOS.configUSE_TRACE_FACILITY=1
PC6.Locked=true
Dma.ADC1.2.RequestParameters=Instance,Direction,PeriphInc,MemInc,PeriphDataAlignment,MemDataAlignment,Mode,Priority,FIFOMode
RCC.VCOInputMFreq_Value=1000000
ProjectManager.RegisterCallBack=
RCC.USBFreq_Value=168000000
TIM4.Prescaler=83
TIM4.OCMode_1=TIM_OCMODE_TOGGLE
PC15-OSC32_OUT.Signal=RCC_OSC32_OUT
Dma.USART2_RX.1.Instance=DMA1_Stream5
RCC.VCOI2SOutputFreq_Value=192000000
Dma.USART2_RX.1.Direction=DMA_PERIPH_TO_MEMORY
PA5.Signal=GPIO_Output
Dma.USART2_RX.1.PeriphDataAlignment=DMA_PDATAALIGN_BYTE
RCC.PLLSAIPCLKFreq_Value=96000000
board=NUCLEO-F446RE
RCC.VCOOutputFreq_Value=336000000
TIM4.Pulse-Output\ Compare1\ CH1=10
ProjectManager.LastFirmware=true
VP_SYS_VS_tim7.Signal=SYS_VS_tim7
FREERTOS.INCLUDE_eTaskGetState=1
NVIC.SavedSystickIrqHandlerGenerated=true
RCC.APB2Freq_Value=84000000
MxCube.Version=5.6.1
TIM4.ClockDivision=TIM_CLOCKDIVISION_DIV1
RCC.PLLI2SPCLKFreq_Value=96000000
PC13.GPIOParameters=GPIO_Label,GPIO_ModeDefaultEXTI
VP_ADC1_TempSens_Input.Signal=ADC1_TempSens_Input
PC1.GPIO_Label=Test pin
RCC.EthernetFreq_Value=84000000
PH1-OSC_OUT.Signal=RCC_OSC_OUT
NVIC.NonMaskableInt_IRQn=true\:0\:0\:false\:false\:true\:false\:false\:false
PA13.Mode=Serial_Wire
ProjectManager.FreePins=false
RCC.IPParameters=48MHZClocksFreq_Value,AHBFreq_Value,APB1CLKDivider,APB1Freq_Value,APB1TimFreq_Value,APB2Freq_Value,APB2TimFreq_Value,CECFreq_Value,CortexFreq_Value,EthernetFreq_Value,FCLKCortexFreq_Value,FLatency-AdvancedSettings,FMPI2C1Freq_Value,FamilyName,HCLKFreq_Value,HSE_VALUE,HSI_VALUE,I2SClocksFreq_Value,LSI_VALUE,MCO2PinFreq_Value,PLLCLKFreq_Value,PLLI2SPCLKFreq_Value,PLLI2SQCLKFreq_Value,PLLI2SRCLKFreq_Value,PLLN,PLLP,PLLQCLKFreq_Value,PLLRCLKFreq_Value,PLLSAIPCLKFreq_Value,PLLSAIQCLKFreq_Value,PWRFreq_Value,RTCFreq_Value,RTCHSEDivFreq_Value,SAIAFreq_Value,SAIBFreq_Value,SDIOFreq_Value,SPDIFRXFreq_Value,SYSCLKFreq_VALUE,SYSCLKSource,USBFreq_Value,VCOI2SInputFreq_Value,VCOI2SOutputFreq_Value,VCOInputFreq_Value,VCOInputMFreq_Value,VCOOutputFreq_Value,VCOSAIInputFreq_Value,VCOSAIOutputFreq_Value,VcooutputI2S
ProjectManager.AskForMigrate=true
Mcu.Name=STM32F446R(C-E)Tx
RCC.PLLI2SQCLKFreq_Value=96000000
NVIC.SavedPendsvIrqHandlerGenerated=true
NVIC.DMA2_Stream4_IRQn=true\:5\:0\:false\:false\:true\:true\:false\:true
RCC.RTCHSEDivFreq_Value=4000000
PA2.Signal=USART2_TX
PA13.GPIO_Label=TMS
Dma.ADC1.2.Instance=DMA2_Stream4
ProjectManager.UnderRoot=true
Mcu.IP6=TIM4
RCC.VCOSAIInputFreq_Value=1000000
Mcu.IP7=USART2
ProjectManager.CoupleFile=false
RCC.48MHZClocksFreq_Value=84000000
PB3.Signal=SYS_JTDO-SWO
RCC.SYSCLKFreq_VALUE=84000000
Dma.ADC1.2.Priority=DMA_PRIORITY_LOW
ADC1.master=1
PA3.Locked=true
Dma.USART2_TX.0.PeriphInc=DMA_PINC_DISABLE
PA5.GPIO_Label=LD2 [Green Led]
Dma.ADC1.2.PeriphInc=DMA_PINC_DISABLE
NVIC.ForceEnableDMAVector=true
KeepUserPlacement=true
PC13.GPIO_ModeDefaultEXTI=GPIO_MODE_IT_FALLING
PA14.GPIOParameters=GPIO_Label
NVIC.MemoryManagement_IRQn=true\:0\:0\:false\:false\:true\:false\:false\:false
PA13.Locked=true
ProjectManager.CompilerOptimize=6
PA14.Signal=SYS_JTCK-SWCLK
ProjectManager.HeapSize=0x200
Mcu.Pin15=VP_ADC1_TempSens_Input
NVIC.HardFault_IRQn=true\:0\:0\:false\:false\:true\:false\:false\:false
Mcu.Pin16=VP_FREERTOS_VS_CMSIS_V1
Dma.ADC1.2.FIFOMode=DMA_FIFOMODE_DISABLE
Mcu.Pin13=PB3
FREERTOS.INCLUDE_xTaskGetHandle=1
PC6.GPIOParameters=GPIO_Label
Mcu.Pin14=PB6
ProjectManager.ComputerToolchain=false
Mcu.Pin17=VP_SYS_VS_tim7
RCC.HSI_VALUE=16000000
Mcu.Pin18=VP_TIM4_VS_ClockSourceINT
VP_TIM4_VS_ClockSourceINT.Mode=Internal
RCC.PLLP=RCC_PLLP_DIV4
PC1.GPIO_ModeDefaultOutputPP=GPIO_MODE_OUTPUT_PP
NVIC.PriorityGroup=NVIC_PRIORITYGROUP_4
ADC1.NbrOfConversionFlag=1
Mcu.Pin11=PA13
Mcu.Pin12=PA14
RCC.PLLN=336
Mcu.Pin10=PC8
PA2.Mode=Asynchronous
RCC.PWRFreq_Value=84000000
PC8.Locked=true
NVIC.TIM4_IRQn=true\:5\:0\:true\:false\:true\:true\:true\:true
RCC.APB1Freq_Value=42000000
ADC1.ClockPrescaler=ADC_CLOCK_SYNC_PCLK_DIV8
ProjectManager.DeviceId=STM32F446RETx
PC1.Signal=GPIO_Output
ProjectManager.LibraryCopy=1
PA3.GPIO_Label=USART_RX
isbadioc=false
